
Microsoft Visual Studio Solution File, Format Version 12.00
# Visual Studio Version 17
VisualStudioVersion = 17.14.36717.8 d17.14
MinimumVisualStudioVersion = 10.0.40219.1
Project("{FAE04EC0-301F-11D3-BF4B-00C04F79EFBC}") = "TemperatureMonitorDemo", "TemperatureMonitorDemo.csproj", "{BBBDCACA-2E2F-40C7-A1F7-FE072A8EE0F2}"
EndProject
Global
	GlobalSection(SolutionConfigurationPlatforms) = preSolution
		Debug|Any CPU = Debug|Any CPU
		Release|Any CPU = Release|Any CPU
	EndGlobalSection
	GlobalSection(ProjectConfigurationPlatforms) = postSolution
		{BBBDCACA-2E2F-40C7-A1F7-FE072A8EE0F2}.Debug|Any CPU.ActiveCfg = Debug|Any CPU
		{BBBDCACA-2E2F-40C7-A1F7-FE072A8EE0F2}.Debug|Any CPU.Build.0 = Debug|Any CPU
		{BBBDCACA-2E2F-40C7-A1F7-FE072A8EE0F2}.Release|Any CPU.ActiveCfg = Release|Any CPU
		{BBBDCACA-2E2F-40C7-A1F7-FE072A8EE0F2}.Release|Any CPU.Build.0 = Release|Any CPU
	EndGlobalSection
	GlobalSection(SolutionProperties) = preSolution
		HideSolutionNode = FALSE
	EndGlobalSection
	GlobalSection(ExtensibilityGlobals) = postSolution
		SolutionGuid = {B7B03FF0-7003-4851-A974-281B01D089C8}
	EndGlobalSection
EndGlobal
